
Microsoft Visual Studio Solution File, Format Version 12.00
# Visual Studio Version 16
VisualStudioVersion = 16.0.28803.202
MinimumVisualStudioVersion = 10.0.40219.1
Project("{9A19103F-16F7-4668-BE54-9A1E7A4F7556}") = "awesome.configurationmanagementdatabase", "awesome.configurationmanagementdatabase\awesome.configurationmanagementdatabase.csproj", "{4636BE6A-598C-4DA9-BBC7-31DDA6A5884F}"
EndProject
Project("{FAE04EC0-301F-11D3-BF4B-00C04F79EFBC}") = "awesome.configurationmanagementdatabase.ConsoleApp", "awesome.configurationmanagementdatabase.ConsoleApp\awesome.configurationmanagementdatabase.ConsoleApp.csproj", "{99B1705E-457E-49A9-8B4E-5FC4E09E5F31}"
EndProject
Global
	GlobalSection(SolutionConfigurationPlatforms) = preSolution
		Debug|Any CPU = Debug|Any CPU
		Release|Any CPU = Release|Any CPU
	EndGlobalSection
	GlobalSection(ProjectConfigurationPlatforms) = postSolution
		{4636BE6A-598C-4DA9-BBC7-31DDA6A5884F}.Debug|Any CPU.ActiveCfg = Debug|Any CPU
		{4636BE6A-598C-4DA9-BBC7-31DDA6A5884F}.Debug|Any CPU.Build.0 = Debug|Any CPU
		{4636BE6A-598C-4DA9-BBC7-31DDA6A5884F}.Release|Any CPU.ActiveCfg = Release|Any CPU
		{4636BE6A-598C-4DA9-BBC7-31DDA6A5884F}.Release|Any CPU.Build.0 = Release|Any CPU
		{99B1705E-457E-49A9-8B4E-5FC4E09E5F31}.Debug|Any CPU.ActiveCfg = Debug|Any CPU
		{99B1705E-457E-49A9-8B4E-5FC4E09E5F31}.Debug|Any CPU.Build.0 = Debug|Any CPU
		{99B1705E-457E-49A9-8B4E-5FC4E09E5F31}.Release|Any CPU.ActiveCfg = Release|Any CPU
		{99B1705E-457E-49A9-8B4E-5FC4E09E5F31}.Release|Any CPU.Build.0 = Release|Any CPU
	EndGlobalSection
	GlobalSection(SolutionProperties) = preSolution
		HideSolutionNode = FALSE
	EndGlobalSection
	GlobalSection(ExtensibilityGlobals) = postSolution
		SolutionGuid = {F01ADF41-FE93-4BE2-92C9-6ECB66B13574}
	EndGlobalSection
EndGlobal
